{
    "version": 3,
    "terraform_version": "0.11.11",
    "serial": 14,
    "lineage": "53544d0f-2127-1ef5-f533-87ca1124dcfd",
    "modules": [
        {
            "path": [
                "root"
            ],
            "outputs": {},
            "resources": {
                "aws_api_gateway_deployment.deployment": {
                    "type": "aws_api_gateway_deployment",
                    "depends_on": [
                        "aws_api_gateway_integration.request_method_integration",
                        "aws_api_gateway_integration_response.response_method_integration",
                        "aws_api_gateway_method.request_method",
                        "aws_api_gateway_method_response.response_method",
                        "aws_api_gateway_rest_api.api"
                    ],
                    "primary": {
                        "id": "tpd2l4",
                        "attributes": {
                            "created_date": "2019-02-13T11:45:18Z",
                            "description": "",
                            "execution_arn": "arn:aws:execute-api:ap-southeast-1:534141808982:u70s4hlq1b/dev",
                            "id": "tpd2l4",
                            "invoke_url": "https://u70s4hlq1b.execute-api.ap-southeast-1.amazonaws.com/dev",
                            "rest_api_id": "u70s4hlq1b",
                            "stage_name": "dev"
                        },
                        "meta": {},
                        "tainted": false
                    },
                    "deposed": [],
                    "provider": "provider.aws"
                },
                "aws_api_gateway_integration.request_method_integration": {
                    "type": "aws_api_gateway_integration",
                    "depends_on": [
                        "aws_api_gateway_method.request_method",
                        "aws_api_gateway_resource.my_resource",
                        "aws_api_gateway_rest_api.api",
                        "aws_lambda_function.lambda"
                    ],
                    "primary": {
                        "id": "agi-u70s4hlq1b-hsyoca-GET",
                        "attributes": {
                            "cache_key_parameters.#": "0",
                            "cache_namespace": "hsyoca",
                            "connection_id": "",
                            "connection_type": "INTERNET",
                            "content_handling": "",
                            "credentials": "",
                            "http_method": "GET",
                            "id": "agi-u70s4hlq1b-hsyoca-GET",
                            "integration_http_method": "POST",
                            "passthrough_behavior": "WHEN_NO_MATCH",
                            "request_parameters.%": "0",
                            "request_templates.%": "0",
                            "resource_id": "hsyoca",
                            "rest_api_id": "u70s4hlq1b",
                            "timeout_milliseconds": "29000",
                            "type": "AWS_PROXY",
                            "uri": "arn:aws:apigateway:ap-southeast-1:lambda:path/2015-03-31/functions/arn:aws:lambda:ap-southeast-1:534141808982:function:first-lambda/invocations"
                        },
                        "meta": {},
                        "tainted": false
                    },
                    "deposed": [],
                    "provider": "provider.aws"
                },
                "aws_api_gateway_integration_response.response_method_integration": {
                    "type": "aws_api_gateway_integration_response",
                    "depends_on": [
                        "aws_api_gateway_method_response.response_method",
                        "aws_api_gateway_resource.my_resource",
                        "aws_api_gateway_rest_api.api"
                    ],
                    "primary": {
                        "id": "agir-u70s4hlq1b-hsyoca-GET-200",
                        "attributes": {
                            "content_handling": "",
                            "http_method": "GET",
                            "id": "agir-u70s4hlq1b-hsyoca-GET-200",
                            "resource_id": "hsyoca",
                            "response_parameters.%": "0",
                            "response_templates.%": "1",
                            "response_templates.application/json": "",
                            "rest_api_id": "u70s4hlq1b",
                            "selection_pattern": "",
                            "status_code": "200"
                        },
                        "meta": {},
                        "tainted": false
                    },
                    "deposed": [],
                    "provider": "provider.aws"
                },
                "aws_api_gateway_method.request_method": {
                    "type": "aws_api_gateway_method",
                    "depends_on": [
                        "aws_api_gateway_resource.my_resource",
                        "aws_api_gateway_rest_api.api"
                    ],
                    "primary": {
                        "id": "agm-u70s4hlq1b-hsyoca-GET",
                        "attributes": {
                            "api_key_required": "false",
                            "authorization": "NONE",
                            "http_method": "GET",
                            "id": "agm-u70s4hlq1b-hsyoca-GET",
                            "resource_id": "hsyoca",
                            "rest_api_id": "u70s4hlq1b"
                        },
                        "meta": {},
                        "tainted": false
                    },
                    "deposed": [],
                    "provider": "provider.aws"
                },
                "aws_api_gateway_method_response.response_method": {
                    "type": "aws_api_gateway_method_response",
                    "depends_on": [
                        "aws_api_gateway_integration.request_method_integration",
                        "aws_api_gateway_resource.my_resource",
                        "aws_api_gateway_rest_api.api"
                    ],
                    "primary": {
                        "id": "agmr-u70s4hlq1b-hsyoca-GET-200",
                        "attributes": {
                            "http_method": "GET",
                            "id": "agmr-u70s4hlq1b-hsyoca-GET-200",
                            "resource_id": "hsyoca",
                            "response_models.%": "1",
                            "response_models.application/json": "Empty",
                            "rest_api_id": "u70s4hlq1b",
                            "status_code": "200"
                        },
                        "meta": {},
                        "tainted": false
                    },
                    "deposed": [],
                    "provider": "provider.aws"
                },
                "aws_api_gateway_resource.my_resource": {
                    "type": "aws_api_gateway_resource",
                    "depends_on": [
                        "aws_api_gateway_rest_api.api"
                    ],
                    "primary": {
                        "id": "hsyoca",
                        "attributes": {
                            "id": "hsyoca",
                            "parent_id": "2q0qat4mnl",
                            "path": "/first_resource",
                            "path_part": "first_resource",
                            "rest_api_id": "u70s4hlq1b"
                        },
                        "meta": {},
                        "tainted": false
                    },
                    "deposed": [],
                    "provider": "provider.aws"
                },
                "aws_api_gateway_rest_api.api": {
                    "type": "aws_api_gateway_rest_api",
                    "depends_on": [],
                    "primary": {
                        "id": "u70s4hlq1b",
                        "attributes": {
                            "api_key_source": "HEADER",
                            "binary_media_types.#": "0",
                            "created_date": "2019-02-13T11:44:59Z",
                            "description": "",
                            "endpoint_configuration.#": "1",
                            "endpoint_configuration.0.types.#": "1",
                            "endpoint_configuration.0.types.0": "EDGE",
                            "execution_arn": "arn:aws:execute-api:ap-southeast-1:534141808982:u70s4hlq1b",
                            "id": "u70s4hlq1b",
                            "minimum_compression_size": "-1",
                            "name": "fist_api",
                            "policy": "",
                            "root_resource_id": "2q0qat4mnl"
                        },
                        "meta": {},
                        "tainted": false
                    },
                    "deposed": [],
                    "provider": "provider.aws"
                },
                "aws_iam_role.first_lambda_role": {
                    "type": "aws_iam_role",
                    "depends_on": [],
                    "primary": {
                        "id": "first_lambda_role",
                        "attributes": {
                            "arn": "arn:aws:iam::534141808982:role/first_lambda_role",
                            "assume_role_policy": "{\"Version\":\"2012-10-17\",\"Statement\":[{\"Sid\":\"\",\"Effect\":\"Allow\",\"Principal\":{\"Service\":\"lambda.amazonaws.com\"},\"Action\":\"sts:AssumeRole\"}]}",
                            "create_date": "2019-02-13T11:45:00Z",
                            "description": "",
                            "force_detach_policies": "false",
                            "id": "first_lambda_role",
                            "max_session_duration": "3600",
                            "name": "first_lambda_role",
                            "path": "/",
                            "tags.%": "1",
                            "tags.tag-key": "tag-value",
                            "unique_id": "AROAI2V7H5GUXMZSFPZGO"
                        },
                        "meta": {},
                        "tainted": false
                    },
                    "deposed": [],
                    "provider": "provider.aws"
                },
                "aws_lambda_function.lambda": {
                    "type": "aws_lambda_function",
                    "depends_on": [
                        "aws_iam_role.first_lambda_role",
                        "data.archive_file.zipfile"
                    ],
                    "primary": {
                        "id": "first-lambda",
                        "attributes": {
                            "arn": "arn:aws:lambda:ap-southeast-1:534141808982:function:first-lambda",
                            "dead_letter_config.#": "0",
                            "description": "",
                            "environment.#": "0",
                            "filename": "../myProject/src/zip/deployment.zip",
                            "function_name": "first-lambda",
                            "handler": "aws-lambda-function::aws_lambda_function.Function::FunctionHandler",
                            "id": "first-lambda",
                            "invoke_arn": "arn:aws:apigateway:ap-southeast-1:lambda:path/2015-03-31/functions/arn:aws:lambda:ap-southeast-1:534141808982:function:first-lambda/invocations",
                            "kms_key_arn": "",
                            "last_modified": "2019-02-13T11:45:16.041+0000",
                            "layers.#": "0",
                            "memory_size": "256",
                            "publish": "false",
                            "qualified_arn": "arn:aws:lambda:ap-southeast-1:534141808982:function:first-lambda:$LATEST",
                            "reserved_concurrent_executions": "0",
                            "role": "arn:aws:iam::534141808982:role/first_lambda_role",
                            "runtime": "dotnetcore2.1",
                            "source_code_hash": "B4yUX0dnWCtMKaf4I7gkOOgdbOrfS4sQPbhFqQZdqkg=",
                            "source_code_size": "215060",
                            "tags.%": "0",
                            "timeout": "60",
                            "tracing_config.#": "1",
                            "tracing_config.0.mode": "PassThrough",
                            "version": "$LATEST",
                            "vpc_config.#": "0"
                        },
                        "meta": {
                            "e2bfb730-ecaa-11e6-8f88-34363bc7c4c0": {
                                "create": 600000000000
                            }
                        },
                        "tainted": false
                    },
                    "deposed": [],
                    "provider": "provider.aws"
                },
                "aws_lambda_permission.allow_api_gateway": {
                    "type": "aws_lambda_permission",
                    "depends_on": [
                        "aws_api_gateway_resource.my_resource",
                        "aws_api_gateway_rest_api.api",
                        "aws_lambda_function.lambda"
                    ],
                    "primary": {
                        "id": "AllowExecutionFromApiGateway",
                        "attributes": {
                            "action": "lambda:InvokeFunction",
                            "function_name": "arn:aws:lambda:ap-southeast-1:534141808982:function:first-lambda",
                            "id": "AllowExecutionFromApiGateway",
                            "principal": "apigateway.amazonaws.com",
                            "qualifier": "",
                            "source_arn": "arn:aws:execute-api:ap-southeast-1:534141808982:u70s4hlq1b/*/*/*",
                            "statement_id": "AllowExecutionFromApiGateway"
                        },
                        "meta": {},
                        "tainted": false
                    },
                    "deposed": [],
                    "provider": "provider.aws"
                },
                "data.archive_file.zipfile": {
                    "type": "archive_file",
                    "depends_on": [],
                    "primary": {
                        "id": "11a565cb5164e0271e218aa8d5d702294f6182f3",
                        "attributes": {
                            "id": "11a565cb5164e0271e218aa8d5d702294f6182f3",
                            "output_base64sha256": "B4yUX0dnWCtMKaf4I7gkOOgdbOrfS4sQPbhFqQZdqkg=",
                            "output_md5": "1eab1092f108d9d62ef24b07c790b57d",
                            "output_path": "../myProject/src/zip/deployment.zip",
                            "output_sha": "11a565cb5164e0271e218aa8d5d702294f6182f3",
                            "output_size": "215060",
                            "source.#": "0",
                            "source_dir": "../myProject/src/aws-lambda-function/bin/Release/netcoreapp2.1/publish",
                            "type": "zip"
                        },
                        "meta": {},
                        "tainted": false
                    },
                    "deposed": [],
                    "provider": "provider.archive"
                }
            },
            "depends_on": []
        }
    ]
}
